
Microsoft Visual Studio Solution File, Format Version 12.00
# Visual Studio Version 17
VisualStudioVersion = 17.11.35312.102
MinimumVisualStudioVersion = 10.0.40219.1
Project("{8BC9CEB8-8B4A-11D0-8D11-00A0C91BC942}") = "Parking Ticket Simulation Jaden White", "Parking Ticket Simulation Jaden White.vcxproj", "{8FAB63BC-575F-43D2-BFE5-92CAF09E4CC2}"
EndProject
Global
	GlobalSection(SolutionConfigurationPlatforms) = preSolution
		Debug|x64 = Debug|x64
		Debug|x86 = Debug|x86
		Release|x64 = Release|x64
		Release|x86 = Release|x86
	EndGlobalSection
	GlobalSection(ProjectConfigurationPlatforms) = postSolution
		{8FAB63BC-575F-43D2-BFE5-92CAF09E4CC2}.Debug|x64.ActiveCfg = Debug|x64
		{8FAB63BC-575F-43D2-BFE5-92CAF09E4CC2}.Debug|x64.Build.0 = Debug|x64
		{8FAB63BC-575F-43D2-BFE5-92CAF09E4CC2}.Debug|x86.ActiveCfg = Debug|Win32
		{8FAB63BC-575F-43D2-BFE5-92CAF09E4CC2}.Debug|x86.Build.0 = Debug|Win32
		{8FAB63BC-575F-43D2-BFE5-92CAF09E4CC2}.Release|x64.ActiveCfg = Release|x64
		{8FAB63BC-575F-43D2-BFE5-92CAF09E4CC2}.Release|x64.Build.0 = Release|x64
		{8FAB63BC-575F-43D2-BFE5-92CAF09E4CC2}.Release|x86.ActiveCfg = Release|Win32
		{8FAB63BC-575F-43D2-BFE5-92CAF09E4CC2}.Release|x86.Build.0 = Release|Win32
	EndGlobalSection
	GlobalSection(SolutionProperties) = preSolution
		HideSolutionNode = FALSE
	EndGlobalSection
	GlobalSection(ExtensibilityGlobals) = postSolution
		SolutionGuid = {96DF659A-869B-4BC6-8584-F04E37EEC8E1}
	EndGlobalSection
EndGlobal
